{
  "requires": true,
  "lockfileVersion": 1,
  "dependencies": {
    "three-tiltloader": {
      "version": "0.2.2",
      "resolved": "https://registry.npmjs.org/three-tiltloader/-/three-tiltloader-0.2.2.tgz",
      "integrity": "sha512-p83l/rbiWTYFbSwnXlNolNASPFA2csWDyibXAoj2IkBXBdVuC3u8JZgck+fVP57cvX188k8WRC1bP4EiOmLtBg=="
    }
  }
}
